
Microsoft Visual Studio Solution File, Format Version 12.00
# Visual Studio Version 17
VisualStudioVersion = 17.10.35004.147
MinimumVisualStudioVersion = 10.0.40219.1
Project("{8BC9CEB8-8B4A-11D0-8D11-00A0C91BC942}") = "Ch1-8", "Ch1-8\Ch1-8.vcxproj", "{8AF6770D-2A3F-40EA-8A4F-8EBD9F3CBF42}"
EndProject
Global
	GlobalSection(SolutionConfigurationPlatforms) = preSolution
		Debug|x64 = Debug|x64
		Debug|x86 = Debug|x86
		Release|x64 = Release|x64
		Release|x86 = Release|x86
	EndGlobalSection
	GlobalSection(ProjectConfigurationPlatforms) = postSolution
		{8AF6770D-2A3F-40EA-8A4F-8EBD9F3CBF42}.Debug|x64.ActiveCfg = Debug|x64
		{8AF6770D-2A3F-40EA-8A4F-8EBD9F3CBF42}.Debug|x64.Build.0 = Debug|x64
		{8AF6770D-2A3F-40EA-8A4F-8EBD9F3CBF42}.Debug|x86.ActiveCfg = Debug|Win32
		{8AF6770D-2A3F-40EA-8A4F-8EBD9F3CBF42}.Debug|x86.Build.0 = Debug|Win32
		{8AF6770D-2A3F-40EA-8A4F-8EBD9F3CBF42}.Release|x64.ActiveCfg = Release|x64
		{8AF6770D-2A3F-40EA-8A4F-8EBD9F3CBF42}.Release|x64.Build.0 = Release|x64
		{8AF6770D-2A3F-40EA-8A4F-8EBD9F3CBF42}.Release|x86.ActiveCfg = Release|Win32
		{8AF6770D-2A3F-40EA-8A4F-8EBD9F3CBF42}.Release|x86.Build.0 = Release|Win32
	EndGlobalSection
	GlobalSection(SolutionProperties) = preSolution
		HideSolutionNode = FALSE
	EndGlobalSection
	GlobalSection(ExtensibilityGlobals) = postSolution
		SolutionGuid = {D6F308E9-0335-4207-B858-1AE7ED210FD5}
	EndGlobalSection
EndGlobal
